{
  "name": "requirejs-transpiler",
  "version": "0.0.1",
  "lockfileVersion": 1,
  "dependencies": {
    "ansi-regex": {
      "version": "2.1.1",
      "resolved": "http://r.npm.sankuai.com/ansi-regex/download/ansi-regex-2.1.1.tgz",
      "integrity": "sha1-w7M6te42DYbg5ijwRorn7yfWVN8="
    },
    "ansi-styles": {
      "version": "2.2.1",
      "resolved": "http://r.npm.sankuai.com/ansi-styles/download/ansi-styles-2.2.1.tgz",
      "integrity": "sha1-tDLdM1i2NM914eRmQ2gkBTPB3b4="
    },
    "babel-code-frame": {
      "version": "6.22.0",
      "resolved": "http://r.npm.sankuai.com/babel-code-frame/download/babel-code-frame-6.22.0.tgz",
      "integrity": "sha1-AnYgvuVnqIwyVhV05/0IAdMxGOQ="
    },
    "babel-generator": {
      "version": "6.24.1",
      "resolved": "http://r.npm.sankuai.com/babel-generator/download/babel-generator-6.24.1.tgz",
      "integrity": "sha1-5xX0hsWN7SVknYiJRNUqoHxdlJc="
    },
    "babel-messages": {
      "version": "6.23.0",
      "resolved": "http://r.npm.sankuai.com/babel-messages/download/babel-messages-6.23.0.tgz",
      "integrity": "sha1-8830cDhYA1sqKVHG7F7fbGLyYw4="
    },
    "babel-runtime": {
      "version": "6.23.0",
      "resolved": "http://r.npm.sankuai.com/babel-runtime/download/babel-runtime-6.23.0.tgz",
      "integrity": "sha1-CpSJ8UTecO+zzkMArM2zKeL8VDs="
    },
    "babel-traverse": {
      "version": "6.24.1",
      "resolved": "http://r.npm.sankuai.com/babel-traverse/download/babel-traverse-6.24.1.tgz",
      "integrity": "sha1-qzZnP9NW+aCUhlnnszjV/q2zFpU="
    },
    "babel-types": {
      "version": "6.24.1",
      "resolved": "http://r.npm.sankuai.com/babel-types/download/babel-types-6.24.1.tgz",
      "integrity": "sha1-oTaHncFbNga9oNkMH8dDBML/CXU="
    },
    "babylon": {
      "version": "6.17.2",
      "resolved": "http://r.npm.sankuai.com/babylon/download/babylon-6.17.2.tgz",
      "integrity": "sha1-IB0l71+JLEG65JSIsI2w3Udun1w="
    },
    "balanced-match": {
      "version": "0.4.2",
      "resolved": "http://r.npm.sankuai.com/balanced-match/download/balanced-match-0.4.2.tgz",
      "integrity": "sha1-yz8+PHMtwPAe5wtAPzAuYddwmDg="
    },
    "brace-expansion": {
      "version": "1.1.7",
      "resolved": "http://r.npm.sankuai.com/brace-expansion/download/brace-expansion-1.1.7.tgz",
      "integrity": "sha1-Pv/DxQ4ABTH7cg6v+A8K6O8jz1k="
    },
    "chalk": {
      "version": "1.1.3",
      "resolved": "http://r.npm.sankuai.com/chalk/download/chalk-1.1.3.tgz",
      "integrity": "sha1-qBFcVeSnAv5NFQq9OHKCKn4J/Jg="
    },
    "concat-map": {
      "version": "0.0.1",
      "resolved": "http://r.npm.sankuai.com/concat-map/download/concat-map-0.0.1.tgz",
      "integrity": "sha1-2Klr13/Wjfd5OnMDajug1UBdR3s="
    },
    "core-js": {
      "version": "2.4.1",
      "resolved": "http://r.npm.sankuai.com/core-js/download/core-js-2.4.1.tgz",
      "integrity": "sha1-TekR5mew6ukSTjQlS1OupvxhjT4="
    },
    "debug": {
      "version": "2.6.8",
      "resolved": "http://r.npm.sankuai.com/debug/download/debug-2.6.8.tgz",
      "integrity": "sha1-5zFTHKLt4n0YgiJCfaF4IdaP9Pw="
    },
    "detect-indent": {
      "version": "4.0.0",
      "resolved": "http://r.npm.sankuai.com/detect-indent/download/detect-indent-4.0.0.tgz",
      "integrity": "sha1-920GQ1LN9Docts5hnE7jqUdd4gg="
    },
    "escape-string-regexp": {
      "version": "1.0.5",
      "resolved": "http://r.npm.sankuai.com/escape-string-regexp/download/escape-string-regexp-1.0.5.tgz",
      "integrity": "sha1-G2HAViGQqN/2rjuyzwIAyhMLhtQ="
    },
    "esutils": {
      "version": "2.0.2",
      "resolved": "http://r.npm.sankuai.com/esutils/download/esutils-2.0.2.tgz",
      "integrity": "sha1-Cr9PHKpbyx96nYrMbepPqqBLrJs="
    },
    "fs.realpath": {
      "version": "1.0.0",
      "resolved": "http://r.npm.sankuai.com/fs.realpath/download/fs.realpath-1.0.0.tgz",
      "integrity": "sha1-FQStJSMVjKpA20onh8sBQRmU6k8="
    },
    "glob": {
      "version": "7.1.2",
      "resolved": "http://r.npm.sankuai.com/glob/download/glob-7.1.2.tgz",
      "integrity": "sha1-wZyd+aAocC1nhhI4SmVSQExjbRU="
    },
    "globals": {
      "version": "9.17.0",
      "resolved": "http://r.npm.sankuai.com/globals/download/globals-9.17.0.tgz",
      "integrity": "sha1-DAymltm5u2lNLlRwvTd3fKrVAoY="
    },
    "has-ansi": {
      "version": "2.0.0",
      "resolved": "http://r.npm.sankuai.com/has-ansi/download/has-ansi-2.0.0.tgz",
      "integrity": "sha1-NPUEnOHs3ysGSa8+8k5F7TVBbZE="
    },
    "inflight": {
      "version": "1.0.6",
      "resolved": "http://r.npm.sankuai.com/inflight/download/inflight-1.0.6.tgz",
      "integrity": "sha1-Sb1jMdfQLQwJvJEKEHW6gWW1bfk="
    },
    "inherits": {
      "version": "2.0.3",
      "resolved": "http://r.npm.sankuai.com/inherits/download/inherits-2.0.3.tgz",
      "integrity": "sha1-Yzwsg+PaQqUC9SRmAiSA9CCCYd4="
    },
    "invariant": {
      "version": "2.2.2",
      "resolved": "http://r.npm.sankuai.com/invariant/download/invariant-2.2.2.tgz",
      "integrity": "sha1-nh9WrArNtr8wMwbzOL47IErmA2A="
    },
    "is-finite": {
      "version": "1.0.2",
      "resolved": "http://r.npm.sankuai.com/is-finite/download/is-finite-1.0.2.tgz",
      "integrity": "sha1-zGZ3aVYCvlUO8R6LSqYwU0K20Ko="
    },
    "js-tokens": {
      "version": "3.0.1",
      "resolved": "http://r.npm.sankuai.com/js-tokens/download/js-tokens-3.0.1.tgz",
      "integrity": "sha1-COnxMkhKLEWjCQfp3E1VZ7fxFNc="
    },
    "jsesc": {
      "version": "1.3.0",
      "resolved": "http://r.npm.sankuai.com/jsesc/download/jsesc-1.3.0.tgz",
      "integrity": "sha1-RsP+yMGJKxKwgz25vHYiF226s0s="
    },
    "lodash": {
      "version": "4.17.4",
      "resolved": "http://r.npm.sankuai.com/lodash/download/lodash-4.17.4.tgz",
      "integrity": "sha1-eCA6TRwyiuHYbcpkYONptX9AVa4="
    },
    "loose-envify": {
      "version": "1.3.1",
      "resolved": "http://r.npm.sankuai.com/loose-envify/download/loose-envify-1.3.1.tgz",
      "integrity": "sha1-0aitM/qc4OcT1l/dCsi3SNR4yEg="
    },
    "minimatch": {
      "version": "3.0.4",
      "resolved": "http://r.npm.sankuai.com/minimatch/download/minimatch-3.0.4.tgz",
      "integrity": "sha1-UWbihkV/AzBgZL5Ul+jbsMPTIIM="
    },
    "ms": {
      "version": "2.0.0",
      "resolved": "http://r.npm.sankuai.com/ms/download/ms-2.0.0.tgz",
      "integrity": "sha1-VgiurfwAvmwpAd9fmGF4jeDVl8g="
    },
    "number-is-nan": {
      "version": "1.0.1",
      "resolved": "http://r.npm.sankuai.com/number-is-nan/download/number-is-nan-1.0.1.tgz",
      "integrity": "sha1-CXtgK1NCKlIsGvuHkDGDNpQaAR0="
    },
    "once": {
      "version": "1.4.0",
      "resolved": "http://r.npm.sankuai.com/once/download/once-1.4.0.tgz",
      "integrity": "sha1-WDsap3WWHUsROsF9nFC6753Xa9E="
    },
    "path-is-absolute": {
      "version": "1.0.1",
      "resolved": "http://r.npm.sankuai.com/path-is-absolute/download/path-is-absolute-1.0.1.tgz",
      "integrity": "sha1-F0uSaHNVNP+8es5r9TpanhtcX18="
    },
    "regenerator-runtime": {
      "version": "0.10.5",
      "resolved": "http://r.npm.sankuai.com/regenerator-runtime/download/regenerator-runtime-0.10.5.tgz",
      "integrity": "sha1-M2w+/BIgrc7dosn6tntaeVWjNlg="
    },
    "repeating": {
      "version": "2.0.1",
      "resolved": "http://r.npm.sankuai.com/repeating/download/repeating-2.0.1.tgz",
      "integrity": "sha1-UhTFOpJtNVJwdSf7q0FdvAjQbdo="
    },
    "source-map": {
      "version": "0.5.6",
      "resolved": "http://r.npm.sankuai.com/source-map/download/source-map-0.5.6.tgz",
      "integrity": "sha1-dc449SvwczxafwwRjYEzSiu19BI="
    },
    "strip-ansi": {
      "version": "3.0.1",
      "resolved": "http://r.npm.sankuai.com/strip-ansi/download/strip-ansi-3.0.1.tgz",
      "integrity": "sha1-ajhfuIU9lS1f8F0Oiq+UJ43GPc8="
    },
    "supports-color": {
      "version": "2.0.0",
      "resolved": "http://r.npm.sankuai.com/supports-color/download/supports-color-2.0.0.tgz",
      "integrity": "sha1-U10EXOa2Nj+kARcIRimZXp3zJMc="
    },
    "to-fast-properties": {
      "version": "1.0.3",
      "resolved": "http://r.npm.sankuai.com/to-fast-properties/download/to-fast-properties-1.0.3.tgz",
      "integrity": "sha1-uDVx+k2MJbguIxsG46MFXeTKGkc="
    },
    "trim-right": {
      "version": "1.0.1",
      "resolved": "http://r.npm.sankuai.com/trim-right/download/trim-right-1.0.1.tgz",
      "integrity": "sha1-yy4SAwZ+DI3h9hQJS5/kVwTqYAM="
    },
    "wrappy": {
      "version": "1.0.2",
      "resolved": "http://r.npm.sankuai.com/wrappy/download/wrappy-1.0.2.tgz",
      "integrity": "sha1-tSQ9jz7BqjXxNkYFvA0QNuMKtp8="
    }
  }
}
